
Microsoft Visual Studio Solution File, Format Version 12.00
# Visual Studio Version 17
VisualStudioVersion = 17.10.34607.79
MinimumVisualStudioVersion = 10.0.40219.1
Project("{FAE04EC0-301F-11D3-BF4B-00C04F79EFBC}") = "ProMedi", "ProMedi\ProMedi.csproj", "{DC2D6D6F-6B0F-4F77-B5EE-0716A84E57CC}"
EndProject
Project("{FAE04EC0-301F-11D3-BF4B-00C04F79EFBC}") = "ProMedi.AccesoDatos", "ProMedi.AccesoDatos\ProMedi.AccesoDatos.csproj", "{74667879-9459-4F1D-A132-24AD011A96FB}"
EndProject
Project("{FAE04EC0-301F-11D3-BF4B-00C04F79EFBC}") = "ProMedi.Models", "ProMedi.Models\ProMedi.Models.csproj", "{351775A5-0BD6-404D-AD0E-433865850F82}"
EndProject
Project("{FAE04EC0-301F-11D3-BF4B-00C04F79EFBC}") = "ProMedi.Utilidades", "ProMedi.Utilidades\ProMedi.Utilidades.csproj", "{49A7F51B-49EC-4ED9-B2E9-372C8244E54A}"
EndProject
Global
	GlobalSection(SolutionConfigurationPlatforms) = preSolution
		Debug|Any CPU = Debug|Any CPU
		Release|Any CPU = Release|Any CPU
	EndGlobalSection
	GlobalSection(ProjectConfigurationPlatforms) = postSolution
		{DC2D6D6F-6B0F-4F77-B5EE-0716A84E57CC}.Debug|Any CPU.ActiveCfg = Debug|Any CPU
		{DC2D6D6F-6B0F-4F77-B5EE-0716A84E57CC}.Debug|Any CPU.Build.0 = Debug|Any CPU
		{DC2D6D6F-6B0F-4F77-B5EE-0716A84E57CC}.Release|Any CPU.ActiveCfg = Release|Any CPU
		{DC2D6D6F-6B0F-4F77-B5EE-0716A84E57CC}.Release|Any CPU.Build.0 = Release|Any CPU
		{74667879-9459-4F1D-A132-24AD011A96FB}.Debug|Any CPU.ActiveCfg = Debug|Any CPU
		{74667879-9459-4F1D-A132-24AD011A96FB}.Debug|Any CPU.Build.0 = Debug|Any CPU
		{74667879-9459-4F1D-A132-24AD011A96FB}.Release|Any CPU.ActiveCfg = Release|Any CPU
		{74667879-9459-4F1D-A132-24AD011A96FB}.Release|Any CPU.Build.0 = Release|Any CPU
		{351775A5-0BD6-404D-AD0E-433865850F82}.Debug|Any CPU.ActiveCfg = Debug|Any CPU
		{351775A5-0BD6-404D-AD0E-433865850F82}.Debug|Any CPU.Build.0 = Debug|Any CPU
		{351775A5-0BD6-404D-AD0E-433865850F82}.Release|Any CPU.ActiveCfg = Release|Any CPU
		{351775A5-0BD6-404D-AD0E-433865850F82}.Release|Any CPU.Build.0 = Release|Any CPU
		{49A7F51B-49EC-4ED9-B2E9-372C8244E54A}.Debug|Any CPU.ActiveCfg = Debug|Any CPU
		{49A7F51B-49EC-4ED9-B2E9-372C8244E54A}.Debug|Any CPU.Build.0 = Debug|Any CPU
		{49A7F51B-49EC-4ED9-B2E9-372C8244E54A}.Release|Any CPU.ActiveCfg = Release|Any CPU
		{49A7F51B-49EC-4ED9-B2E9-372C8244E54A}.Release|Any CPU.Build.0 = Release|Any CPU
	EndGlobalSection
	GlobalSection(SolutionProperties) = preSolution
		HideSolutionNode = FALSE
	EndGlobalSection
	GlobalSection(ExtensibilityGlobals) = postSolution
		SolutionGuid = {7C8E77E0-7E1C-4905-9A00-88A178E13936}
	EndGlobalSection
EndGlobal
